{
  "version": 4,
  "terraform_version": "1.12.2",
  "serial": 2,
  "lineage": "ac28ac07-21b5-e5a9-23fb-a0b03df69dcc",
  "outputs": {
    "function_app_name": {
      "value": "java-test-function-777",
      "type": "string"
    },
    "storage_account_name": {
      "value": "javastorage777",
      "type": "string"
    }
  },
  "resources": [
    {
      "mode": "data",
      "type": "azurerm_subscription",
      "name": "current",
      "provider": "provider[\"registry.terraform.io/hashicorp/azurerm\"]",
      "instances": [
        {
          "schema_version": 0,
          "attributes": {
            "display_name": "Azure subscription 1",
            "id": "/subscriptions/5c3579a2-4d66-4bee-a612-e66b89fbf8e9",
            "location_placement_id": "Public_2014-09-01",
            "quota_id": "PayAsYouGo_2014-09-01",
            "spending_limit": "Off",
            "state": "Enabled",
            "subscription_id": "5c3579a2-4d66-4bee-a612-e66b89fbf8e9",
            "tags": {},
            "tenant_id": "60ac8d97-5286-44f8-bf90-d40b7753e003",
            "timeouts": null
          },
          "sensitive_attributes": [],
          "identity_schema_version": 0
        }
      ]
    },
    {
      "mode": "managed",
      "type": "random_string",
      "name": "suffix",
      "provider": "provider[\"registry.terraform.io/hashicorp/random\"]",
      "instances": [
        {
          "schema_version": 2,
          "attributes": {
            "id": "3gq90b",
            "keepers": null,
            "length": 6,
            "lower": true,
            "min_lower": 0,
            "min_numeric": 0,
            "min_special": 0,
            "min_upper": 0,
            "number": true,
            "numeric": true,
            "override_special": null,
            "result": "3gq90b",
            "special": false,
            "upper": false
          },
          "sensitive_attributes": [],
          "identity_schema_version": 0
        }
      ]
    }
  ],
  "check_results": [
    {
      "object_kind": "var",
      "config_addr": "var.storage_account_name",
      "status": "pass",
      "objects": [
        {
          "object_addr": "var.storage_account_name",
          "status": "pass"
        }
      ]
    }
  ]
}
